
Microsoft Visual Studio Solution File, Format Version 12.00
# Visual Studio Version 17
VisualStudioVersion = 17.11.35327.3
MinimumVisualStudioVersion = 10.0.40219.1
Project("{FAE04EC0-301F-11D3-BF4B-00C04F79EFBC}") = "supermarket-mvp", "supermarket-mvp\supermarket-mvp.csproj", "{B368AD87-B436-4181-BB30-EDAB587751F4}"
EndProject
Global
	GlobalSection(SolutionConfigurationPlatforms) = preSolution
		Debug|Any CPU = Debug|Any CPU
		Release|Any CPU = Release|Any CPU
	EndGlobalSection
	GlobalSection(ProjectConfigurationPlatforms) = postSolution
		{B368AD87-B436-4181-BB30-EDAB587751F4}.Debug|Any CPU.ActiveCfg = Debug|Any CPU
		{B368AD87-B436-4181-BB30-EDAB587751F4}.Debug|Any CPU.Build.0 = Debug|Any CPU
		{B368AD87-B436-4181-BB30-EDAB587751F4}.Release|Any CPU.ActiveCfg = Release|Any CPU
		{B368AD87-B436-4181-BB30-EDAB587751F4}.Release|Any CPU.Build.0 = Release|Any CPU
	EndGlobalSection
	GlobalSection(SolutionProperties) = preSolution
		HideSolutionNode = FALSE
	EndGlobalSection
	GlobalSection(ExtensibilityGlobals) = postSolution
		SolutionGuid = {9BE16547-CA45-476F-934A-2A7AB936C467}
	EndGlobalSection
EndGlobal
